
Microsoft Visual Studio Solution File, Format Version 12.00
# Visual Studio Version 16
VisualStudioVersion = 16.0.28922.388
MinimumVisualStudioVersion = 10.0.40219.1
Project("{FAE04EC0-301F-11D3-BF4B-00C04F79EFBC}") = "ClienteServidor", "ClienteServidor.csproj", "{F5ACA5A1-8715-44AE-8B9A-180C61C4CEB2}"
EndProject
Global
	GlobalSection(SolutionConfigurationPlatforms) = preSolution
		Debug|Any CPU = Debug|Any CPU
		Release|Any CPU = Release|Any CPU
	EndGlobalSection
	GlobalSection(ProjectConfigurationPlatforms) = postSolution
		{F5ACA5A1-8715-44AE-8B9A-180C61C4CEB2}.Debug|Any CPU.ActiveCfg = Debug|Any CPU
		{F5ACA5A1-8715-44AE-8B9A-180C61C4CEB2}.Debug|Any CPU.Build.0 = Debug|Any CPU
		{F5ACA5A1-8715-44AE-8B9A-180C61C4CEB2}.Release|Any CPU.ActiveCfg = Release|Any CPU
		{F5ACA5A1-8715-44AE-8B9A-180C61C4CEB2}.Release|Any CPU.Build.0 = Release|Any CPU
	EndGlobalSection
	GlobalSection(SolutionProperties) = preSolution
		HideSolutionNode = FALSE
	EndGlobalSection
	GlobalSection(ExtensibilityGlobals) = postSolution
		SolutionGuid = {1413B0DD-C8D6-42F7-A1A7-248DBACB2F26}
	EndGlobalSection
EndGlobal
